// !$*UTF8*$!
{
	archiveVersion = 1;
	classes = {
	};
	objectVersion = 56;
	objects = {

/* Begin PBXBuildFile section */
		43DCAB2C2AE7F6E500FA3355 /* iliaApp.swift in Sources */ = {isa = PBXBuildFile; fileRef = 43DCAB2B2AE7F6E500FA3355 /* iliaApp.swift */; };
		43DCAB2E2AE7F6E500FA3355 /* ContentView.swift in Sources */ = {isa = PBXBuildFile; fileRef = 43DCAB2D2AE7F6E500FA3355 /* ContentView.swift */; };
		43DCAB302AE7F6E600FA3355 /* Assets.xcassets in Resources */ = {isa = PBXBuildFile; fileRef = 43DCAB2F2AE7F6E600FA3355 /* Assets.xcassets */; };
		43DCAB332AE7F6E600FA3355 /* Preview Assets.xcassets in Resources */ = {isa = PBXBuildFile; fileRef = 43DCAB322AE7F6E600FA3355 /* Preview Assets.xcassets */; };
		43DCAB3D2AE7F6E700FA3355 /* iliaTests.swift in Sources */ = {isa = PBXBuildFile; fileRef = 43DCAB3C2AE7F6E700FA3355 /* iliaTests.swift */; };
		43DCAB472AE7F6E700FA3355 /* iliaUITests.swift in Sources */ = {isa = PBXBuildFile; fileRef = 43DCAB462AE7F6E700FA3355 /* iliaUITests.swift */; };
		43DCAB492AE7F6E700FA3355 /* iliaUITestsLaunchTests.swift in Sources */ = {isa = PBXBuildFile; fileRef = 43DCAB482AE7F6E700FA3355 /* iliaUITestsLaunchTests.swift */; };
/* End PBXBuildFile section */

/* Begin PBXContainerItemProxy section */
		43DCAB392AE7F6E700FA3355 /* PBXContainerItemProxy */ = {
			isa = PBXContainerItemProxy;
			containerPortal = 43DCAB202AE7F6E400FA3355 /* Project object */;
			proxyType = 1;
			remoteGlobalIDString = 43DCAB272AE7F6E400FA3355;
			remoteInfo = ilia;
		};
		43DCAB432AE7F6E700FA3355 /* PBXContainerItemProxy */ = {
			isa = PBXContainerItemProxy;
			containerPortal = 43DCAB202AE7F6E400FA3355 /* Project object */;
			proxyType = 1;
			remoteGlobalIDString = 43DCAB272AE7F6E400FA3355;
			remoteInfo = ilia;
		};
/* End PBXContainerItemProxy section */

/* Begin PBXFileReference section */
		43DCAB282AE7F6E500FA3355 /* ilia.app */ = {isa = PBXFileReference; explicitFileType = wrapper.application; includeInIndex = 0; path = ilia.app; sourceTree = BUILT_PRODUCTS_DIR; };
		43DCAB2B2AE7F6E500FA3355 /* iliaApp.swift */ = {isa = PBXFileReference; lastKnownFileType = sourcecode.swift; path = iliaApp.swift; sourceTree = "<group>"; };
		43DCAB2D2AE7F6E500FA3355 /* ContentView.swift */ = {isa = PBXFileReference; lastKnownFileType = sourcecode.swift; path = ContentView.swift; sourceTree = "<group>"; };
		43DCAB2F2AE7F6E600FA3355 /* Assets.xcassets */ = {isa = PBXFileReference; lastKnownFileType = folder.assetcatalog; path = Assets.xcassets; sourceTree = "<group>"; };
		43DCAB322AE7F6E600FA3355 /* Preview Assets.xcassets */ = {isa = PBXFileReference; lastKnownFileType = folder.assetcatalog; path = "Preview Assets.xcassets"; sourceTree = "<group>"; };
		43DCAB382AE7F6E700FA3355 /* iliaTests.xctest */ = {isa = PBXFileReference; explicitFileType = wrapper.cfbundle; includeInIndex = 0; path = iliaTests.xctest; sourceTree = BUILT_PRODUCTS_DIR; };
		43DCAB3C2AE7F6E700FA3355 /* iliaTests.swift */ = {isa = PBXFileReference; lastKnownFileType = sourcecode.swift; path = iliaTests.swift; sourceTree = "<group>"; };
		43DCAB422AE7F6E700FA3355 /* iliaUITests.xctest */ = {isa = PBXFileReference; explicitFileType = wrapper.cfbundle; includeInIndex = 0; path = iliaUITests.xctest; sourceTree = BUILT_PRODUCTS_DIR; };
		43DCAB462AE7F6E700FA3355 /* iliaUITests.swift */ = {isa = PBXFileReference; lastKnownFileType = sourcecode.swift; path = iliaUITests.swift; sourceTree = "<group>"; };
		43DCAB482AE7F6E700FA3355 /* iliaUITestsLaunchTests.swift */ = {isa = PBXFileReference; lastKnownFileType = sourcecode.swift; path = iliaUITestsLaunchTests.swift; sourceTree = "<group>"; };
/* End PBXFileReference section */

/* Begin PBXFrameworksBuildPhase section */
		43DCAB252AE7F6E400FA3355 /* Frameworks */ = {
			isa = PBXFrameworksBuildPhase;
			buildActionMask = 2147483647;
			files = (
			);
			runOnlyForDeploymentPostprocessing = 0;
		};
		43DCAB352AE7F6E700FA3355 /* Frameworks */ = {
			isa = PBXFrameworksBuildPhase;
			buildActionMask = 2147483647;
			files = (
			);
			runOnlyForDeploymentPostprocessing = 0;
		};
		43DCAB3F2AE7F6E700FA3355 /* Frameworks */ = {
			isa = PBXFrameworksBuildPhase;
			buildActionMask = 2147483647;
			files = (
			);
			runOnlyForDeploymentPostprocessing = 0;
		};
/* End PBXFrameworksBuildPhase section */

/* Begin PBXGroup section */
		43DCAB1F2AE7F6E400FA3355 = {
			isa = PBXGroup;
			children = (
				43DCAB2A2AE7F6E500FA3355 /* ilia */,
				43DCAB3B2AE7F6E700FA3355 /* iliaTests */,
				43DCAB452AE7F6E700FA3355 /* iliaUITests */,
				43DCAB292AE7F6E500FA3355 /* Products */,
			);
			sourceTree = "<group>";
		};
		43DCAB292AE7F6E500FA3355 /* Products */ = {
			isa = PBXGroup;
			children = (
				43DCAB282AE7F6E500FA3355 /* ilia.app */,
				43DCAB382AE7F6E700FA3355 /* iliaTests.xctest */,
				43DCAB422AE7F6E700FA3355 /* iliaUITests.xctest */,
			);
			name = Products;
			sourceTree = "<group>";
		};
		43DCAB2A2AE7F6E500FA3355 /* ilia */ = {
			isa = PBXGroup;
			children = (
				43DCAB2B2AE7F6E500FA3355 /* iliaApp.swift */,
				43DCAB2D2AE7F6E500FA3355 /* ContentView.swift */,
				43DCAB2F2AE7F6E600FA3355 /* Assets.xcassets */,
				43DCAB312AE7F6E600FA3355 /* Preview Content */,
			);
			path = ilia;
			sourceTree = "<group>";
		};
		43DCAB312AE7F6E600FA3355 /* Preview Content */ = {
			isa = PBXGroup;
			children = (
				43DCAB322AE7F6E600FA3355 /* Preview Assets.xcassets */,
			);
			path = "Preview Content";
			sourceTree = "<group>";
		};
		43DCAB3B2AE7F6E700FA3355 /* iliaTests */ = {
			isa = PBXGroup;
			children = (
				43DCAB3C2AE7F6E700FA3355 /* iliaTests.swift */,
			);
			path = iliaTests;
			sourceTree = "<group>";
		};
		43DCAB452AE7F6E700FA3355 /* iliaUITests */ = {
			isa = PBXGroup;
			children = (
				43DCAB462AE7F6E700FA3355 /* iliaUITests.swift */,
				43DCAB482AE7F6E700FA3355 /* iliaUITestsLaunchTests.swift */,
			);
			path = iliaUITests;
			sourceTree = "<group>";
		};
/* End PBXGroup section */

/* Begin PBXNativeTarget section */
		43DCAB272AE7F6E400FA3355 /* ilia */ = {
			isa = PBXNativeTarget;
			buildConfigurationList = 43DCAB4C2AE7F6E700FA3355 /* Build configuration list for PBXNativeTarget "ilia" */;
			buildPhases = (
				43DCAB242AE7F6E400FA3355 /* Sources */,
				43DCAB252AE7F6E400FA3355 /* Frameworks */,
				43DCAB262AE7F6E400FA3355 /* Resources */,
			);
			buildRules = (
			);
			dependencies = (
			);
			name = ilia;
			productName = ilia;
			productReference = 43DCAB282AE7F6E500FA3355 /* ilia.app */;
			productType = "com.apple.product-type.application";
		};
		43DCAB372AE7F6E700FA3355 /* iliaTests */ = {
			isa = PBXNativeTarget;
			buildConfigurationList = 43DCAB4F2AE7F6E700FA3355 /* Build configuration list for PBXNativeTarget "iliaTests" */;
			buildPhases = (
				43DCAB342AE7F6E700FA3355 /* Sources */,
				43DCAB352AE7F6E700FA3355 /* Frameworks */,
				43DCAB362AE7F6E700FA3355 /* Resources */,
			);
			buildRules = (
			);
			dependencies = (
				43DCAB3A2AE7F6E700FA3355 /* PBXTargetDependency */,
			);
			name = iliaTests;
			productName = iliaTests;
			productReference = 43DCAB382AE7F6E700FA3355 /* iliaTests.xctest */;
			productType = "com.apple.product-type.bundle.unit-test";
		};
		43DCAB412AE7F6E700FA3355 /* iliaUITests */ = {
			isa = PBXNativeTarget;
			buildConfigurationList = 43DCAB522AE7F6E700FA3355 /* Build configuration list for PBXNativeTarget "iliaUITests" */;
			buildPhases = (
				43DCAB3E2AE7F6E700FA3355 /* Sources */,
				43DCAB3F2AE7F6E700FA3355 /* Frameworks */,
				43DCAB402AE7F6E700FA3355 /* Resources */,
			);
			buildRules = (
			);
			dependencies = (
				43DCAB442AE7F6E700FA3355 /* PBXTargetDependency */,
			);
			name = iliaUITests;
			productName = iliaUITests;
			productReference = 43DCAB422AE7F6E700FA3355 /* iliaUITests.xctest */;
			productType = "com.apple.product-type.bundle.ui-testing";
		};
/* End PBXNativeTarget section */

/* Begin PBXProject section */
		43DCAB202AE7F6E400FA3355 /* Project object */ = {
			isa = PBXProject;
			attributes = {
				BuildIndependentTargetsInParallel = 1;
				LastSwiftUpdateCheck = 1500;
				LastUpgradeCheck = 1500;
				TargetAttributes = {
					43DCAB272AE7F6E400FA3355 = {
						CreatedOnToolsVersion = 15.0.1;
					};
					43DCAB372AE7F6E700FA3355 = {
						CreatedOnToolsVersion = 15.0.1;
						TestTargetID = 43DCAB272AE7F6E400FA3355;
					};
					43DCAB412AE7F6E700FA3355 = {
						CreatedOnToolsVersion = 15.0.1;
						TestTargetID = 43DCAB272AE7F6E400FA3355;
					};
				};
			};
			buildConfigurationList = 43DCAB232AE7F6E400FA3355 /* Build configuration list for PBXProject "ilia" */;
			compatibilityVersion = "Xcode 14.0";
			developmentRegion = en;
			hasScannedForEncodings = 0;
			knownRegions = (
				en,
				Base,
			);
			mainGroup = 43DCAB1F2AE7F6E400FA3355;
			productRefGroup = 43DCAB292AE7F6E500FA3355 /* Products */;
			projectDirPath = "";
			projectRoot = "";
			targets = (
				43DCAB272AE7F6E400FA3355 /* ilia */,
				43DCAB372AE7F6E700FA3355 /* iliaTests */,
				43DCAB412AE7F6E700FA3355 /* iliaUITests */,
			);
		};
/* End PBXProject section */

/* Begin PBXResourcesBuildPhase section */
		43DCAB262AE7F6E400FA3355 /* Resources */ = {
			isa = PBXResourcesBuildPhase;
			buildActionMask = 2147483647;
			files = (
				43DCAB332AE7F6E600FA3355 /* Preview Assets.xcassets in Resources */,
				43DCAB302AE7F6E600FA3355 /* Assets.xcassets in Resources */,
			);
			runOnlyForDeploymentPostprocessing = 0;
		};
		43DCAB362AE7F6E700FA3355 /* Resources */ = {
			isa = PBXResourcesBuildPhase;
			buildActionMask = 2147483647;
			files = (
			);
			runOnlyForDeploymentPostprocessing = 0;
		};
		43DCAB402AE7F6E700FA3355 /* Resources */ = {
			isa = PBXResourcesBuildPhase;
			buildActionMask = 2147483647;
			files = (
			);
			runOnlyForDeploymentPostprocessing = 0;
		};
/* End PBXResourcesBuildPhase section */

/* Begin PBXSourcesBuildPhase section */
		43DCAB242AE7F6E400FA3355 /* Sources */ = {
			isa = PBXSourcesBuildPhase;
			buildActionMask = 2147483647;
			files = (
				43DCAB2E2AE7F6E500FA3355 /* ContentView.swift in Sources */,
				43DCAB2C2AE7F6E500FA3355 /* iliaApp.swift in Sources */,
			);
			runOnlyForDeploymentPostprocessing = 0;
		};
		43DCAB342AE7F6E700FA3355 /* Sources */ = {
			isa = PBXSourcesBuildPhase;
			buildActionMask = 2147483647;
			files = (
				43DCAB3D2AE7F6E700FA3355 /* iliaTests.swift in Sources */,
			);
			runOnlyForDeploymentPostprocessing = 0;
		};
		43DCAB3E2AE7F6E700FA3355 /* Sources */ = {
			isa = PBXSourcesBuildPhase;
			buildActionMask = 2147483647;
			files = (
				43DCAB472AE7F6E700FA3355 /* iliaUITests.swift in Sources */,
				43DCAB492AE7F6E700FA3355 /* iliaUITestsLaunchTests.swift in Sources */,
			);
			runOnlyForDeploymentPostprocessing = 0;
		};
/* End PBXSourcesBuildPhase section */

/* Begin PBXTargetDependency section */
		43DCAB3A2AE7F6E700FA3355 /* PBXTargetDependency */ = {
			isa = PBXTargetDependency;
			target = 43DCAB272AE7F6E400FA3355 /* ilia */;
			targetProxy = 43DCAB392AE7F6E700FA3355 /* PBXContainerItemProxy */;
		};
		43DCAB442AE7F6E700FA3355 /* PBXTargetDependency */ = {
			isa = PBXTargetDependency;
			target = 43DCAB272AE7F6E400FA3355 /* ilia */;
			targetProxy = 43DCAB432AE7F6E700FA3355 /* PBXContainerItemProxy */;
		};
/* End PBXTargetDependency section */

/* Begin XCBuildConfiguration section */
		43DCAB4A2AE7F6E700FA3355 /* Debug */ = {
			isa = XCBuildConfiguration;
			buildSettings = {
				ALWAYS_SEARCH_USER_PATHS = NO;
				ASSETCATALOG_COMPILER_GENERATE_SWIFT_ASSET_SYMBOL_EXTENSIONS = YES;
				CLANG_ANALYZER_NONNULL = YES;
				CLANG_ANALYZER_NUMBER_OBJECT_CONVERSION = YES_AGGRESSIVE;
				CLANG_CXX_LANGUAGE_STANDARD = "gnu++20";
				CLANG_ENABLE_MODULES = YES;
				CLANG_ENABLE_OBJC_ARC = YES;
				CLANG_ENABLE_OBJC_WEAK = YES;
				CLANG_WARN_BLOCK_CAPTURE_AUTORELEASING = YES;
				CLANG_WARN_BOOL_CONVERSION = YES;
				CLANG_WARN_COMMA = YES;
				CLANG_WARN_CONSTANT_CONVERSION = YES;
				CLANG_WARN_DEPRECATED_OBJC_IMPLEMENTATIONS = YES;
				CLANG_WARN_DIRECT_OBJC_ISA_USAGE = YES_ERROR;
				CLANG_WARN_DOCUMENTATION_COMMENTS = YES;
				CLANG_WARN_EMPTY_BODY = YES;
				CLANG_WARN_ENUM_CONVERSION = YES;
				CLANG_WARN_INFINITE_RECURSION = YES;
				CLANG_WARN_INT_CONVERSION = YES;
				CLANG_WARN_NON_LITERAL_NULL_CONVERSION = YES;
				CLANG_WARN_OBJC_IMPLICIT_RETAIN_SELF = YES;
				CLANG_WARN_OBJC_LITERAL_CONVERSION = YES;
				CLANG_WARN_OBJC_ROOT_CLASS = YES_ERROR;
				CLANG_WARN_QUOTED_INCLUDE_IN_FRAMEWORK_HEADER = YES;
				CLANG_WARN_RANGE_LOOP_ANALYSIS = YES;
				CLANG_WARN_STRICT_PROTOTYPES = YES;
				CLANG_WARN_SUSPICIOUS_MOVE = YES;
				CLANG_WARN_UNGUARDED_AVAILABILITY = YES_AGGRESSIVE;
				CLANG_WARN_UNREACHABLE_CODE = YES;
				CLANG_WARN__DUPLICATE_METHOD_MATCH = YES;
				COPY_PHASE_STRIP = NO;
				DEBUG_INFORMATION_FORMAT = dwarf;
				ENABLE_STRICT_OBJC_MSGSEND = YES;
				ENABLE_TESTABILITY = YES;
				ENABLE_USER_SCRIPT_SANDBOXING = YES;
				GCC_C_LANGUAGE_STANDARD = gnu17;
				GCC_DYNAMIC_NO_PIC = NO;
				GCC_NO_COMMON_BLOCKS = YES;
				GCC_OPTIMIZATION_LEVEL = 0;
				GCC_PREPROCESSOR_DEFINITIONS = (
					"DEBUG=1",
					"$(inherited)",
				);
				GCC_WARN_64_TO_32_BIT_CONVERSION = YES;
				GCC_WARN_ABOUT_RETURN_TYPE = YES_ERROR;
				GCC_WARN_UNDECLARED_SELECTOR = YES;
				GCC_WARN_UNINITIALIZED_AUTOS = YES_AGGRESSIVE;
				GCC_WARN_UNUSED_FUNCTION = YES;
				GCC_WARN_UNUSED_VARIABLE = YES;
				IPHONEOS_DEPLOYMENT_TARGET = 17.0;
				LOCALIZATION_PREFERS_STRING_CATALOGS = YES;
				MTL_ENABLE_DEBUG_INFO = INCLUDE_SOURCE;
				MTL_FAST_MATH = YES;
				ONLY_ACTIVE_ARCH = YES;
				SDKROOT = iphoneos;
				SWIFT_ACTIVE_COMPILATION_CONDITIONS = "DEBUG $(inherited)";
				SWIFT_OPTIMIZATION_LEVEL = "-Onone";
			};
			name = Debug;
		};
		43DCAB4B2AE7F6E700FA3355 /* Release */ = {
			isa = XCBuildConfiguration;
			buildSettings = {
				ALWAYS_SEARCH_USER_PATHS = NO;
				ASSETCATALOG_COMPILER_GENERATE_SWIFT_ASSET_SYMBOL_EXTENSIONS = YES;
				CLANG_ANALYZER_NONNULL = YES;
				CLANG_ANALYZER_NUMBER_OBJECT_CONVERSION = YES_AGGRESSIVE;
				CLANG_CXX_LANGUAGE_STANDARD = "gnu++20";
				CLANG_ENABLE_MODULES = YES;
				CLANG_ENABLE_OBJC_ARC = YES;
				CLANG_ENABLE_OBJC_WEAK = YES;
				CLANG_WARN_BLOCK_CAPTURE_AUTORELEASING = YES;
				CLANG_WARN_BOOL_CONVERSION = YES;
				CLANG_WARN_COMMA = YES;
				CLANG_WARN_CONSTANT_CONVERSION = YES;
				CLANG_WARN_DEPRECATED_OBJC_IMPLEMENTATIONS = YES;
				CLANG_WARN_DIRECT_OBJC_ISA_USAGE = YES_ERROR;
				CLANG_WARN_DOCUMENTATION_COMMENTS = YES;
				CLANG_WARN_EMPTY_BODY = YES;
				CLANG_WARN_ENUM_CONVERSION = YES;
				CLANG_WARN_INFINITE_RECURSION = YES;
				CLANG_WARN_INT_CONVERSION = YES;
				CLANG_WARN_NON_LITERAL_NULL_CONVERSION = YES;
				CLANG_WARN_OBJC_IMPLICIT_RETAIN_SELF = YES;
				CLANG_WARN_OBJC_LITERAL_CONVERSION = YES;
				CLANG_WARN_OBJC_ROOT_CLASS = YES_ERROR;
				CLANG_WARN_QUOTED_INCLUDE_IN_FRAMEWORK_HEADER = YES;
				CLANG_WARN_RANGE_LOOP_ANALYSIS = YES;
				CLANG_WARN_STRICT_PROTOTYPES = YES;
				CLANG_WARN_SUSPICIOUS_MOVE = YES;
				CLANG_WARN_UNGUARDED_AVAILABILITY = YES_AGGRESSIVE;
				CLANG_WARN_UNREACHABLE_CODE = YES;
				CLANG_WARN__DUPLICATE_METHOD_MATCH = YES;
				COPY_PHASE_STRIP = NO;
				DEBUG_INFORMATION_FORMAT = "dwarf-with-dsym";
				ENABLE_NS_ASSERTIONS = NO;
				ENABLE_STRICT_OBJC_MSGSEND = YES;
				ENABLE_USER_SCRIPT_SANDBOXING = YES;
				GCC_C_LANGUAGE_STANDARD = gnu17;
				GCC_NO_COMMON_BLOCKS = YES;
				GCC_WARN_64_TO_32_BIT_CONVERSION = YES;
				GCC_WARN_ABOUT_RETURN_TYPE = YES_ERROR;
				GCC_WARN_UNDECLARED_SELECTOR = YES;
				GCC_WARN_UNINITIALIZED_AUTOS = YES_AGGRESSIVE;
				GCC_WARN_UNUSED_FUNCTION = YES;
				GCC_WARN_UNUSED_VARIABLE = YES;
				IPHONEOS_DEPLOYMENT_TARGET = 17.0;
				LOCALIZATION_PREFERS_STRING_CATALOGS = YES;
				MTL_ENABLE_DEBUG_INFO = NO;
				MTL_FAST_MATH = YES;
				SDKROOT = iphoneos;
				SWIFT_COMPILATION_MODE = wholemodule;
				VALIDATE_PRODUCT = YES;
			};
			name = Release;
		};
		43DCAB4D2AE7F6E700FA3355 /* Debug */ = {
			isa = XCBuildConfiguration;
			buildSettings = {
				ASSETCATALOG_COMPILER_APPICON_NAME = AppIcon;
				ASSETCATALOG_COMPILER_GLOBAL_ACCENT_COLOR_NAME = AccentColor;
				CODE_SIGN_STYLE = Automatic;
				CURRENT_PROJECT_VERSION = 1;
				DEVELOPMENT_ASSET_PATHS = "\"ilia/Preview Content\"";
				ENABLE_PREVIEWS = YES;
				GENERATE_INFOPLIST_FILE = YES;
				INFOPLIST_KEY_UIApplicationSceneManifest_Generation = YES;
				INFOPLIST_KEY_UIApplicationSupportsIndirectInputEvents = YES;
				INFOPLIST_KEY_UILaunchScreen_Generation = YES;
				INFOPLIST_KEY_UISupportedInterfaceOrientations_iPad = "UIInterfaceOrientationPortrait UIInterfaceOrientationPortraitUpsideDown UIInterfaceOrientationLandscapeLeft UIInterfaceOrientationLandscapeRight";
				INFOPLIST_KEY_UISupportedInterfaceOrientations_iPhone = "UIInterfaceOrientationPortrait UIInterfaceOrientationLandscapeLeft UIInterfaceOrientationLandscapeRight";
				LD_RUNPATH_SEARCH_PATHS = (
					"$(inherited)",
					"@executable_path/Frameworks",
				);
				MARKETING_VERSION = 1.0;
				PRODUCT_BUNDLE_IDENTIFIER = sr.ilia.ilia;
				PRODUCT_NAME = "$(TARGET_NAME)";
				SWIFT_EMIT_LOC_STRINGS = YES;
				SWIFT_VERSION = 5.0;
				TARGETED_DEVICE_FAMILY = "1,2";
			};
			name = Debug;
		};
		43DCAB4E2AE7F6E700FA3355 /* Release */ = {
			isa = XCBuildConfiguration;
			buildSettings = {
				ASSETCATALOG_COMPILER_APPICON_NAME = AppIcon;
				ASSETCATALOG_COMPILER_GLOBAL_ACCENT_COLOR_NAME = AccentColor;
				CODE_SIGN_STYLE = Automatic;
				CURRENT_PROJECT_VERSION = 1;
				DEVELOPMENT_ASSET_PATHS = "\"ilia/Preview Content\"";
				ENABLE_PREVIEWS = YES;
				GENERATE_INFOPLIST_FILE = YES;
				INFOPLIST_KEY_UIApplicationSceneManifest_Generation = YES;
				INFOPLIST_KEY_UIApplicationSupportsIndirectInputEvents = YES;
				INFOPLIST_KEY_UILaunchScreen_Generation = YES;
				INFOPLIST_KEY_UISupportedInterfaceOrientations_iPad = "UIInterfaceOrientationPortrait UIInterfaceOrientationPortraitUpsideDown UIInterfaceOrientationLandscapeLeft UIInterfaceOrientationLandscapeRight";
				INFOPLIST_KEY_UISupportedInterfaceOrientations_iPhone = "UIInterfaceOrientationPortrait UIInterfaceOrientationLandscapeLeft UIInterfaceOrientationLandscapeRight";
				LD_RUNPATH_SEARCH_PATHS = (
					"$(inherited)",
					"@executable_path/Frameworks",
				);
				MARKETING_VERSION = 1.0;
				PRODUCT_BUNDLE_IDENTIFIER = sr.ilia.ilia;
				PRODUCT_NAME = "$(TARGET_NAME)";
				SWIFT_EMIT_LOC_STRINGS = YES;
				SWIFT_VERSION = 5.0;
				TARGETED_DEVICE_FAMILY = "1,2";
			};
			name = Release;
		};
		43DCAB502AE7F6E700FA3355 /* Debug */ = {
			isa = XCBuildConfiguration;
			buildSettings = {
				ALWAYS_EMBED_SWIFT_STANDARD_LIBRARIES = YES;
				BUNDLE_LOADER = "$(TEST_HOST)";
				CODE_SIGN_STYLE = Automatic;
				CURRENT_PROJECT_VERSION = 1;
				GENERATE_INFOPLIST_FILE = YES;
				IPHONEOS_DEPLOYMENT_TARGET = 17.0;
				MARKETING_VERSION = 1.0;
				PRODUCT_BUNDLE_IDENTIFIER = sr.ilia.iliaTests;
				PRODUCT_NAME = "$(TARGET_NAME)";
				SWIFT_EMIT_LOC_STRINGS = NO;
				SWIFT_VERSION = 5.0;
				TARGETED_DEVICE_FAMILY = "1,2";
				TEST_HOST = "$(BUILT_PRODUCTS_DIR)/ilia.app/$(BUNDLE_EXECUTABLE_FOLDER_PATH)/ilia";
			};
			name = Debug;
		};
		43DCAB512AE7F6E700FA3355 /* Release */ = {
			isa = XCBuildConfiguration;
			buildSettings = {
				ALWAYS_EMBED_SWIFT_STANDARD_LIBRARIES = YES;
				BUNDLE_LOADER = "$(TEST_HOST)";
				CODE_SIGN_STYLE = Automatic;
				CURRENT_PROJECT_VERSION = 1;
				GENERATE_INFOPLIST_FILE = YES;
				IPHONEOS_DEPLOYMENT_TARGET = 17.0;
				MARKETING_VERSION = 1.0;
				PRODUCT_BUNDLE_IDENTIFIER = sr.ilia.iliaTests;
				PRODUCT_NAME = "$(TARGET_NAME)";
				SWIFT_EMIT_LOC_STRINGS = NO;
				SWIFT_VERSION = 5.0;
				TARGETED_DEVICE_FAMILY = "1,2";
				TEST_HOST = "$(BUILT_PRODUCTS_DIR)/ilia.app/$(BUNDLE_EXECUTABLE_FOLDER_PATH)/ilia";
			};
			name = Release;
		};
		43DCAB532AE7F6E700FA3355 /* Debug */ = {
			isa = XCBuildConfiguration;
			buildSettings = {
				ALWAYS_EMBED_SWIFT_STANDARD_LIBRARIES = YES;
				CODE_SIGN_STYLE = Automatic;
				CURRENT_PROJECT_VERSION = 1;
				GENERATE_INFOPLIST_FILE = YES;
				MARKETING_VERSION = 1.0;
				PRODUCT_BUNDLE_IDENTIFIER = sr.ilia.iliaUITests;
				PRODUCT_NAME = "$(TARGET_NAME)";
				SWIFT_EMIT_LOC_STRINGS = NO;
				SWIFT_VERSION = 5.0;
				TARGETED_DEVICE_FAMILY = "1,2";
				TEST_TARGET_NAME = ilia;
			};
			name = Debug;
		};
		43DCAB542AE7F6E700FA3355 /* Release */ = {
			isa = XCBuildConfiguration;
			buildSettings = {
				ALWAYS_EMBED_SWIFT_STANDARD_LIBRARIES = YES;
				CODE_SIGN_STYLE = Automatic;
				CURRENT_PROJECT_VERSION = 1;
				GENERATE_INFOPLIST_FILE = YES;
				MARKETING_VERSION = 1.0;
				PRODUCT_BUNDLE_IDENTIFIER = sr.ilia.iliaUITests;
				PRODUCT_NAME = "$(TARGET_NAME)";
				SWIFT_EMIT_LOC_STRINGS = NO;
				SWIFT_VERSION = 5.0;
				TARGETED_DEVICE_FAMILY = "1,2";
				TEST_TARGET_NAME = ilia;
			};
			name = Release;
		};
/* End XCBuildConfiguration section */

/* Begin XCConfigurationList section */
		43DCAB232AE7F6E400FA3355 /* Build configuration list for PBXProject "ilia" */ = {
			isa = XCConfigurationList;
			buildConfigurations = (
				43DCAB4A2AE7F6E700FA3355 /* Debug */,
				43DCAB4B2AE7F6E700FA3355 /* Release */,
			);
			defaultConfigurationIsVisible = 0;
			defaultConfigurationName = Release;
		};
		43DCAB4C2AE7F6E700FA3355 /* Build configuration list for PBXNativeTarget "ilia" */ = {
			isa = XCConfigurationList;
			buildConfigurations = (
				43DCAB4D2AE7F6E700FA3355 /* Debug */,
				43DCAB4E2AE7F6E700FA3355 /* Release */,
			);
			defaultConfigurationIsVisible = 0;
			defaultConfigurationName = Release;
		};
		43DCAB4F2AE7F6E700FA3355 /* Build configuration list for PBXNativeTarget "iliaTests" */ = {
			isa = XCConfigurationList;
			buildConfigurations = (
				43DCAB502AE7F6E700FA3355 /* Debug */,
				43DCAB512AE7F6E700FA3355 /* Release */,
			);
			defaultConfigurationIsVisible = 0;
			defaultConfigurationName = Release;
		};
		43DCAB522AE7F6E700FA3355 /* Build configuration list for PBXNativeTarget "iliaUITests" */ = {
			isa = XCConfigurationList;
			buildConfigurations = (
				43DCAB532AE7F6E700FA3355 /* Debug */,
				43DCAB542AE7F6E700FA3355 /* Release */,
			);
			defaultConfigurationIsVisible = 0;
			defaultConfigurationName = Release;
		};
/* End XCConfigurationList section */
	};
	rootObject = 43DCAB202AE7F6E400FA3355 /* Project object */;
}
